// !$*UTF8*$!
{
	archiveVersion = 1;
	classes = {
	};
	objectVersion = 50;
	objects = {

/* Begin PBXBuildFile section */
		A6DFC95725BB3BC000EED584 /* LandmarksApp.swift in Sources */ = {isa = PBXBuildFile; fileRef = A6DFC95625BB3BC000EED584 /* LandmarksApp.swift */; };
		A6DFC95925BB3BC000EED584 /* ContentView.swift in Sources */ = {isa = PBXBuildFile; fileRef = A6DFC95825BB3BC000EED584 /* ContentView.swift */; };
		A6DFC95B25BB3BC100EED584 /* Assets.xcassets in Resources */ = {isa = PBXBuildFile; fileRef = A6DFC95A25BB3BC100EED584 /* Assets.xcassets */; };
		A6DFC95E25BB3BC100EED584 /* Preview Assets.xcassets in Resources */ = {isa = PBXBuildFile; fileRef = A6DFC95D25BB3BC100EED584 /* Preview Assets.xcassets */; };
		A6DFC96925BB3BC100EED584 /* LandmarksTests.swift in Sources */ = {isa = PBXBuildFile; fileRef = A6DFC96825BB3BC100EED584 /* LandmarksTests.swift */; };
		A6DFC97425BB3BC100EED584 /* LandmarksUITests.swift in Sources */ = {isa = PBXBuildFile; fileRef = A6DFC97325BB3BC100EED584 /* LandmarksUITests.swift */; };
		A6DFC98A25BB4E7700EED584 /* CircleImage.swift in Sources */ = {isa = PBXBuildFile; fileRef = A6DFC98925BB4E7700EED584 /* CircleImage.swift */; };
		A6DFC98F25BB501B00EED584 /* MapView.swift in Sources */ = {isa = PBXBuildFile; fileRef = A6DFC98E25BB501B00EED584 /* MapView.swift */; };
		A6DFC99425BCB21700EED584 /* landmarkData.json in Resources */ = {isa = PBXBuildFile; fileRef = A6DFC99325BCB21700EED584 /* landmarkData.json */; };
		A6DFC99925BCB24700EED584 /* Landmark.swift in Sources */ = {isa = PBXBuildFile; fileRef = A6DFC99825BCB24700EED584 /* Landmark.swift */; };
		A6DFC99E25BCB4C600EED584 /* ModelData.swift in Sources */ = {isa = PBXBuildFile; fileRef = A6DFC99D25BCB4C600EED584 /* ModelData.swift */; };
		A6ECDCF925BE11150049D15C /* LandmarkRow.swift in Sources */ = {isa = PBXBuildFile; fileRef = A6ECDCF825BE11150049D15C /* LandmarkRow.swift */; };
		A6ECDCFE25BE181F0049D15C /* LandmarkList.swift in Sources */ = {isa = PBXBuildFile; fileRef = A6ECDCFD25BE181F0049D15C /* LandmarkList.swift */; };
		A6ECDD0325BE1A8C0049D15C /* LandmarkDetail.swift in Sources */ = {isa = PBXBuildFile; fileRef = A6ECDD0225BE1A8C0049D15C /* LandmarkDetail.swift */; };
/* End PBXBuildFile section */

/* Begin PBXContainerItemProxy section */
		A6DFC96525BB3BC100EED584 /* PBXContainerItemProxy */ = {
			isa = PBXContainerItemProxy;
			containerPortal = A6DFC94B25BB3BC000EED584 /* Project object */;
			proxyType = 1;
			remoteGlobalIDString = A6DFC95225BB3BC000EED584;
			remoteInfo = Landmarks;
		};
		A6DFC97025BB3BC100EED584 /* PBXContainerItemProxy */ = {
			isa = PBXContainerItemProxy;
			containerPortal = A6DFC94B25BB3BC000EED584 /* Project object */;
			proxyType = 1;
			remoteGlobalIDString = A6DFC95225BB3BC000EED584;
			remoteInfo = Landmarks;
		};
/* End PBXContainerItemProxy section */

/* Begin PBXFileReference section */
		A6DFC95325BB3BC000EED584 /* Landmarks.app */ = {isa = PBXFileReference; explicitFileType = wrapper.application; includeInIndex = 0; path = Landmarks.app; sourceTree = BUILT_PRODUCTS_DIR; };
		A6DFC95625BB3BC000EED584 /* LandmarksApp.swift */ = {isa = PBXFileReference; lastKnownFileType = sourcecode.swift; path = LandmarksApp.swift; sourceTree = "<group>"; };
		A6DFC95825BB3BC000EED584 /* ContentView.swift */ = {isa = PBXFileReference; lastKnownFileType = sourcecode.swift; path = ContentView.swift; sourceTree = "<group>"; };
		A6DFC95A25BB3BC100EED584 /* Assets.xcassets */ = {isa = PBXFileReference; lastKnownFileType = folder.assetcatalog; path = Assets.xcassets; sourceTree = "<group>"; };
		A6DFC95D25BB3BC100EED584 /* Preview Assets.xcassets */ = {isa = PBXFileReference; lastKnownFileType = folder.assetcatalog; path = "Preview Assets.xcassets"; sourceTree = "<group>"; };
		A6DFC95F25BB3BC100EED584 /* Info.plist */ = {isa = PBXFileReference; lastKnownFileType = text.plist.xml; path = Info.plist; sourceTree = "<group>"; };
		A6DFC96425BB3BC100EED584 /* LandmarksTests.xctest */ = {isa = PBXFileReference; explicitFileType = wrapper.cfbundle; includeInIndex = 0; path = LandmarksTests.xctest; sourceTree = BUILT_PRODUCTS_DIR; };
		A6DFC96825BB3BC100EED584 /* LandmarksTests.swift */ = {isa = PBXFileReference; lastKnownFileType = sourcecode.swift; path = LandmarksTests.swift; sourceTree = "<group>"; };
		A6DFC96A25BB3BC100EED584 /* Info.plist */ = {isa = PBXFileReference; lastKnownFileType = text.plist.xml; path = Info.plist; sourceTree = "<group>"; };
		A6DFC96F25BB3BC100EED584 /* LandmarksUITests.xctest */ = {isa = PBXFileReference; explicitFileType = wrapper.cfbundle; includeInIndex = 0; path = LandmarksUITests.xctest; sourceTree = BUILT_PRODUCTS_DIR; };
		A6DFC97325BB3BC100EED584 /* LandmarksUITests.swift */ = {isa = PBXFileReference; lastKnownFileType = sourcecode.swift; path = LandmarksUITests.swift; sourceTree = "<group>"; };
		A6DFC97525BB3BC100EED584 /* Info.plist */ = {isa = PBXFileReference; lastKnownFileType = text.plist.xml; path = Info.plist; sourceTree = "<group>"; };
		A6DFC98925BB4E7700EED584 /* CircleImage.swift */ = {isa = PBXFileReference; lastKnownFileType = sourcecode.swift; path = CircleImage.swift; sourceTree = "<group>"; };
		A6DFC98E25BB501B00EED584 /* MapView.swift */ = {isa = PBXFileReference; lastKnownFileType = sourcecode.swift; path = MapView.swift; sourceTree = "<group>"; };
		A6DFC99325BCB21700EED584 /* landmarkData.json */ = {isa = PBXFileReference; fileEncoding = 4; lastKnownFileType = text.json; path = landmarkData.json; sourceTree = "<group>"; };
		A6DFC99825BCB24700EED584 /* Landmark.swift */ = {isa = PBXFileReference; lastKnownFileType = sourcecode.swift; path = Landmark.swift; sourceTree = "<group>"; };
		A6DFC99D25BCB4C600EED584 /* ModelData.swift */ = {isa = PBXFileReference; lastKnownFileType = sourcecode.swift; path = ModelData.swift; sourceTree = "<group>"; };
		A6ECDCF825BE11150049D15C /* LandmarkRow.swift */ = {isa = PBXFileReference; lastKnownFileType = sourcecode.swift; path = LandmarkRow.swift; sourceTree = "<group>"; };
		A6ECDCFD25BE181F0049D15C /* LandmarkList.swift */ = {isa = PBXFileReference; lastKnownFileType = sourcecode.swift; path = LandmarkList.swift; sourceTree = "<group>"; };
		A6ECDD0225BE1A8C0049D15C /* LandmarkDetail.swift */ = {isa = PBXFileReference; lastKnownFileType = sourcecode.swift; path = LandmarkDetail.swift; sourceTree = "<group>"; };
/* End PBXFileReference section */

/* Begin PBXFrameworksBuildPhase section */
		A6DFC95025BB3BC000EED584 /* Frameworks */ = {
			isa = PBXFrameworksBuildPhase;
			buildActionMask = 2147483647;
			files = (
			);
			runOnlyForDeploymentPostprocessing = 0;
		};
		A6DFC96125BB3BC100EED584 /* Frameworks */ = {
			isa = PBXFrameworksBuildPhase;
			buildActionMask = 2147483647;
			files = (
			);
			runOnlyForDeploymentPostprocessing = 0;
		};
		A6DFC96C25BB3BC100EED584 /* Frameworks */ = {
			isa = PBXFrameworksBuildPhase;
			buildActionMask = 2147483647;
			files = (
			);
			runOnlyForDeploymentPostprocessing = 0;
		};
/* End PBXFrameworksBuildPhase section */

/* Begin PBXGroup section */
		A6DFC94A25BB3BC000EED584 = {
			isa = PBXGroup;
			children = (
				A6DFC95525BB3BC000EED584 /* Landmarks */,
				A6DFC96725BB3BC100EED584 /* LandmarksTests */,
				A6DFC97225BB3BC100EED584 /* LandmarksUITests */,
				A6DFC95425BB3BC000EED584 /* Products */,
			);
			sourceTree = "<group>";
		};
		A6DFC95425BB3BC000EED584 /* Products */ = {
			isa = PBXGroup;
			children = (
				A6DFC95325BB3BC000EED584 /* Landmarks.app */,
				A6DFC96425BB3BC100EED584 /* LandmarksTests.xctest */,
				A6DFC96F25BB3BC100EED584 /* LandmarksUITests.xctest */,
			);
			name = Products;
			sourceTree = "<group>";
		};
		A6DFC95525BB3BC000EED584 /* Landmarks */ = {
			isa = PBXGroup;
			children = (
				A6DFC95625BB3BC000EED584 /* LandmarksApp.swift */,
				A6DFC9A225BCB8ED00EED584 /* Views */,
				A6DFC9A625BCB91200EED584 /* Model */,
				A6DFC95A25BB3BC100EED584 /* Assets.xcassets */,
				A6DFC9AA25BCB92400EED584 /* Resources */,
				A6DFC95F25BB3BC100EED584 /* Info.plist */,
				A6DFC95C25BB3BC100EED584 /* Preview Content */,
			);
			path = Landmarks;
			sourceTree = "<group>";
		};
		A6DFC95C25BB3BC100EED584 /* Preview Content */ = {
			isa = PBXGroup;
			children = (
				A6DFC95D25BB3BC100EED584 /* Preview Assets.xcassets */,
			);
			path = "Preview Content";
			sourceTree = "<group>";
		};
		A6DFC96725BB3BC100EED584 /* LandmarksTests */ = {
			isa = PBXGroup;
			children = (
				A6DFC96825BB3BC100EED584 /* LandmarksTests.swift */,
				A6DFC96A25BB3BC100EED584 /* Info.plist */,
			);
			path = LandmarksTests;
			sourceTree = "<group>";
		};
		A6DFC97225BB3BC100EED584 /* LandmarksUITests */ = {
			isa = PBXGroup;
			children = (
				A6DFC97325BB3BC100EED584 /* LandmarksUITests.swift */,
				A6DFC97525BB3BC100EED584 /* Info.plist */,
			);
			path = LandmarksUITests;
			sourceTree = "<group>";
		};
		A6DFC9A225BCB8ED00EED584 /* Views */ = {
			isa = PBXGroup;
			children = (
				A6DFC95825BB3BC000EED584 /* ContentView.swift */,
				A6DFC98925BB4E7700EED584 /* CircleImage.swift */,
				A6DFC98E25BB501B00EED584 /* MapView.swift */,
				A6ECDCF825BE11150049D15C /* LandmarkRow.swift */,
				A6ECDCFD25BE181F0049D15C /* LandmarkList.swift */,
				A6ECDD0225BE1A8C0049D15C /* LandmarkDetail.swift */,
			);
			path = Views;
			sourceTree = "<group>";
		};
		A6DFC9A625BCB91200EED584 /* Model */ = {
			isa = PBXGroup;
			children = (
				A6DFC99825BCB24700EED584 /* Landmark.swift */,
				A6DFC99D25BCB4C600EED584 /* ModelData.swift */,
			);
			path = Model;
			sourceTree = "<group>";
		};
		A6DFC9AA25BCB92400EED584 /* Resources */ = {
			isa = PBXGroup;
			children = (
				A6DFC99325BCB21700EED584 /* landmarkData.json */,
			);
			path = Resources;
			sourceTree = "<group>";
		};
/* End PBXGroup section */

/* Begin PBXNativeTarget section */
		A6DFC95225BB3BC000EED584 /* Landmarks */ = {
			isa = PBXNativeTarget;
			buildConfigurationList = A6DFC97825BB3BC100EED584 /* Build configuration list for PBXNativeTarget "Landmarks" */;
			buildPhases = (
				A6DFC94F25BB3BC000EED584 /* Sources */,
				A6DFC95025BB3BC000EED584 /* Frameworks */,
				A6DFC95125BB3BC000EED584 /* Resources */,
			);
			buildRules = (
			);
			dependencies = (
			);
			name = Landmarks;
			productName = Landmarks;
			productReference = A6DFC95325BB3BC000EED584 /* Landmarks.app */;
			productType = "com.apple.product-type.application";
		};
		A6DFC96325BB3BC100EED584 /* LandmarksTests */ = {
			isa = PBXNativeTarget;
			buildConfigurationList = A6DFC97B25BB3BC100EED584 /* Build configuration list for PBXNativeTarget "LandmarksTests" */;
			buildPhases = (
				A6DFC96025BB3BC100EED584 /* Sources */,
				A6DFC96125BB3BC100EED584 /* Frameworks */,
				A6DFC96225BB3BC100EED584 /* Resources */,
			);
			buildRules = (
			);
			dependencies = (
				A6DFC96625BB3BC100EED584 /* PBXTargetDependency */,
			);
			name = LandmarksTests;
			productName = LandmarksTests;
			productReference = A6DFC96425BB3BC100EED584 /* LandmarksTests.xctest */;
			productType = "com.apple.product-type.bundle.unit-test";
		};
		A6DFC96E25BB3BC100EED584 /* LandmarksUITests */ = {
			isa = PBXNativeTarget;
			buildConfigurationList = A6DFC97E25BB3BC100EED584 /* Build configuration list for PBXNativeTarget "LandmarksUITests" */;
			buildPhases = (
				A6DFC96B25BB3BC100EED584 /* Sources */,
				A6DFC96C25BB3BC100EED584 /* Frameworks */,
				A6DFC96D25BB3BC100EED584 /* Resources */,
			);
			buildRules = (
			);
			dependencies = (
				A6DFC97125BB3BC100EED584 /* PBXTargetDependency */,
			);
			name = LandmarksUITests;
			productName = LandmarksUITests;
			productReference = A6DFC96F25BB3BC100EED584 /* LandmarksUITests.xctest */;
			productType = "com.apple.product-type.bundle.ui-testing";
		};
/* End PBXNativeTarget section */

/* Begin PBXProject section */
		A6DFC94B25BB3BC000EED584 /* Project object */ = {
			isa = PBXProject;
			attributes = {
				LastSwiftUpdateCheck = 1230;
				LastUpgradeCheck = 1230;
				TargetAttributes = {
					A6DFC95225BB3BC000EED584 = {
						CreatedOnToolsVersion = 12.3;
					};
					A6DFC96325BB3BC100EED584 = {
						CreatedOnToolsVersion = 12.3;
						TestTargetID = A6DFC95225BB3BC000EED584;
					};
					A6DFC96E25BB3BC100EED584 = {
						CreatedOnToolsVersion = 12.3;
						TestTargetID = A6DFC95225BB3BC000EED584;
					};
				};
			};
			buildConfigurationList = A6DFC94E25BB3BC000EED584 /* Build configuration list for PBXProject "Landmarks" */;
			compatibilityVersion = "Xcode 9.3";
			developmentRegion = en;
			hasScannedForEncodings = 0;
			knownRegions = (
				en,
				Base,
			);
			mainGroup = A6DFC94A25BB3BC000EED584;
			productRefGroup = A6DFC95425BB3BC000EED584 /* Products */;
			projectDirPath = "";
			projectRoot = "";
			targets = (
				A6DFC95225BB3BC000EED584 /* Landmarks */,
				A6DFC96325BB3BC100EED584 /* LandmarksTests */,
				A6DFC96E25BB3BC100EED584 /* LandmarksUITests */,
			);
		};
/* End PBXProject section */

/* Begin PBXResourcesBuildPhase section */
		A6DFC95125BB3BC000EED584 /* Resources */ = {
			isa = PBXResourcesBuildPhase;
			buildActionMask = 2147483647;
			files = (
				A6DFC99425BCB21700EED584 /* landmarkData.json in Resources */,
				A6DFC95E25BB3BC100EED584 /* Preview Assets.xcassets in Resources */,
				A6DFC95B25BB3BC100EED584 /* Assets.xcassets in Resources */,
			);
			runOnlyForDeploymentPostprocessing = 0;
		};
		A6DFC96225BB3BC100EED584 /* Resources */ = {
			isa = PBXResourcesBuildPhase;
			buildActionMask = 2147483647;
			files = (
			);
			runOnlyForDeploymentPostprocessing = 0;
		};
		A6DFC96D25BB3BC100EED584 /* Resources */ = {
			isa = PBXResourcesBuildPhase;
			buildActionMask = 2147483647;
			files = (
			);
			runOnlyForDeploymentPostprocessing = 0;
		};
/* End PBXResourcesBuildPhase section */

/* Begin PBXSourcesBuildPhase section */
		A6DFC94F25BB3BC000EED584 /* Sources */ = {
			isa = PBXSourcesBuildPhase;
			buildActionMask = 2147483647;
			files = (
				A6DFC95925BB3BC000EED584 /* ContentView.swift in Sources */,
				A6DFC98F25BB501B00EED584 /* MapView.swift in Sources */,
				A6DFC95725BB3BC000EED584 /* LandmarksApp.swift in Sources */,
				A6ECDCFE25BE181F0049D15C /* LandmarkList.swift in Sources */,
				A6ECDD0325BE1A8C0049D15C /* LandmarkDetail.swift in Sources */,
				A6DFC98A25BB4E7700EED584 /* CircleImage.swift in Sources */,
				A6DFC99925BCB24700EED584 /* Landmark.swift in Sources */,
				A6ECDCF925BE11150049D15C /* LandmarkRow.swift in Sources */,
				A6DFC99E25BCB4C600EED584 /* ModelData.swift in Sources */,
			);
			runOnlyForDeploymentPostprocessing = 0;
		};
		A6DFC96025BB3BC100EED584 /* Sources */ = {
			isa = PBXSourcesBuildPhase;
			buildActionMask = 2147483647;
			files = (
				A6DFC96925BB3BC100EED584 /* LandmarksTests.swift in Sources */,
			);
			runOnlyForDeploymentPostprocessing = 0;
		};
		A6DFC96B25BB3BC100EED584 /* Sources */ = {
			isa = PBXSourcesBuildPhase;
			buildActionMask = 2147483647;
			files = (
				A6DFC97425BB3BC100EED584 /* LandmarksUITests.swift in Sources */,
			);
			runOnlyForDeploymentPostprocessing = 0;
		};
/* End PBXSourcesBuildPhase section */

/* Begin PBXTargetDependency section */
		A6DFC96625BB3BC100EED584 /* PBXTargetDependency */ = {
			isa = PBXTargetDependency;
			target = A6DFC95225BB3BC000EED584 /* Landmarks */;
			targetProxy = A6DFC96525BB3BC100EED584 /* PBXContainerItemProxy */;
		};
		A6DFC97125BB3BC100EED584 /* PBXTargetDependency */ = {
			isa = PBXTargetDependency;
			target = A6DFC95225BB3BC000EED584 /* Landmarks */;
			targetProxy = A6DFC97025BB3BC100EED584 /* PBXContainerItemProxy */;
		};
/* End PBXTargetDependency section */

/* Begin XCBuildConfiguration section */
		A6DFC97625BB3BC100EED584 /* Debug */ = {
			isa = XCBuildConfiguration;
			buildSettings = {
				ALWAYS_SEARCH_USER_PATHS = NO;
				CLANG_ANALYZER_NONNULL = YES;
				CLANG_ANALYZER_NUMBER_OBJECT_CONVERSION = YES_AGGRESSIVE;
				CLANG_CXX_LANGUAGE_STANDARD = "gnu++14";
				CLANG_CXX_LIBRARY = "libc++";
				CLANG_ENABLE_MODULES = YES;
				CLANG_ENABLE_OBJC_ARC = YES;
				CLANG_ENABLE_OBJC_WEAK = YES;
				CLANG_WARN_BLOCK_CAPTURE_AUTORELEASING = YES;
				CLANG_WARN_BOOL_CONVERSION = YES;
				CLANG_WARN_COMMA = YES;
				CLANG_WARN_CONSTANT_CONVERSION = YES;
				CLANG_WARN_DEPRECATED_OBJC_IMPLEMENTATIONS = YES;
				CLANG_WARN_DIRECT_OBJC_ISA_USAGE = YES_ERROR;
				CLANG_WARN_DOCUMENTATION_COMMENTS = YES;
				CLANG_WARN_EMPTY_BODY = YES;
				CLANG_WARN_ENUM_CONVERSION = YES;
				CLANG_WARN_INFINITE_RECURSION = YES;
				CLANG_WARN_INT_CONVERSION = YES;
				CLANG_WARN_NON_LITERAL_NULL_CONVERSION = YES;
				CLANG_WARN_OBJC_IMPLICIT_RETAIN_SELF = YES;
				CLANG_WARN_OBJC_LITERAL_CONVERSION = YES;
				CLANG_WARN_OBJC_ROOT_CLASS = YES_ERROR;
				CLANG_WARN_QUOTED_INCLUDE_IN_FRAMEWORK_HEADER = YES;
				CLANG_WARN_RANGE_LOOP_ANALYSIS = YES;
				CLANG_WARN_STRICT_PROTOTYPES = YES;
				CLANG_WARN_SUSPICIOUS_MOVE = YES;
				CLANG_WARN_UNGUARDED_AVAILABILITY = YES_AGGRESSIVE;
				CLANG_WARN_UNREACHABLE_CODE = YES;
				CLANG_WARN__DUPLICATE_METHOD_MATCH = YES;
				COPY_PHASE_STRIP = NO;
				DEBUG_INFORMATION_FORMAT = dwarf;
				ENABLE_STRICT_OBJC_MSGSEND = YES;
				ENABLE_TESTABILITY = YES;
				GCC_C_LANGUAGE_STANDARD = gnu11;
				GCC_DYNAMIC_NO_PIC = NO;
				GCC_NO_COMMON_BLOCKS = YES;
				GCC_OPTIMIZATION_LEVEL = 0;
				GCC_PREPROCESSOR_DEFINITIONS = (
					"DEBUG=1",
					"$(inherited)",
				);
				GCC_WARN_64_TO_32_BIT_CONVERSION = YES;
				GCC_WARN_ABOUT_RETURN_TYPE = YES_ERROR;
				GCC_WARN_UNDECLARED_SELECTOR = YES;
				GCC_WARN_UNINITIALIZED_AUTOS = YES_AGGRESSIVE;
				GCC_WARN_UNUSED_FUNCTION = YES;
				GCC_WARN_UNUSED_VARIABLE = YES;
				IPHONEOS_DEPLOYMENT_TARGET = 14.3;
				MTL_ENABLE_DEBUG_INFO = INCLUDE_SOURCE;
				MTL_FAST_MATH = YES;
				ONLY_ACTIVE_ARCH = YES;
				SDKROOT = iphoneos;
				SWIFT_ACTIVE_COMPILATION_CONDITIONS = DEBUG;
				SWIFT_OPTIMIZATION_LEVEL = "-Onone";
			};
			name = Debug;
		};
		A6DFC97725BB3BC100EED584 /* Release */ = {
			isa = XCBuildConfiguration;
			buildSettings = {
				ALWAYS_SEARCH_USER_PATHS = NO;
				CLANG_ANALYZER_NONNULL = YES;
				CLANG_ANALYZER_NUMBER_OBJECT_CONVERSION = YES_AGGRESSIVE;
				CLANG_CXX_LANGUAGE_STANDARD = "gnu++14";
				CLANG_CXX_LIBRARY = "libc++";
				CLANG_ENABLE_MODULES = YES;
				CLANG_ENABLE_OBJC_ARC = YES;
				CLANG_ENABLE_OBJC_WEAK = YES;
				CLANG_WARN_BLOCK_CAPTURE_AUTORELEASING = YES;
				CLANG_WARN_BOOL_CONVERSION = YES;
				CLANG_WARN_COMMA = YES;
				CLANG_WARN_CONSTANT_CONVERSION = YES;
				CLANG_WARN_DEPRECATED_OBJC_IMPLEMENTATIONS = YES;
				CLANG_WARN_DIRECT_OBJC_ISA_USAGE = YES_ERROR;
				CLANG_WARN_DOCUMENTATION_COMMENTS = YES;
				CLANG_WARN_EMPTY_BODY = YES;
				CLANG_WARN_ENUM_CONVERSION = YES;
				CLANG_WARN_INFINITE_RECURSION = YES;
				CLANG_WARN_INT_CONVERSION = YES;
				CLANG_WARN_NON_LITERAL_NULL_CONVERSION = YES;
				CLANG_WARN_OBJC_IMPLICIT_RETAIN_SELF = YES;
				CLANG_WARN_OBJC_LITERAL_CONVERSION = YES;
				CLANG_WARN_OBJC_ROOT_CLASS = YES_ERROR;
				CLANG_WARN_QUOTED_INCLUDE_IN_FRAMEWORK_HEADER = YES;
				CLANG_WARN_RANGE_LOOP_ANALYSIS = YES;
				CLANG_WARN_STRICT_PROTOTYPES = YES;
				CLANG_WARN_SUSPICIOUS_MOVE = YES;
				CLANG_WARN_UNGUARDED_AVAILABILITY = YES_AGGRESSIVE;
				CLANG_WARN_UNREACHABLE_CODE = YES;
				CLANG_WARN__DUPLICATE_METHOD_MATCH = YES;
				COPY_PHASE_STRIP = NO;
				DEBUG_INFORMATION_FORMAT = "dwarf-with-dsym";
				ENABLE_NS_ASSERTIONS = NO;
				ENABLE_STRICT_OBJC_MSGSEND = YES;
				GCC_C_LANGUAGE_STANDARD = gnu11;
				GCC_NO_COMMON_BLOCKS = YES;
				GCC_WARN_64_TO_32_BIT_CONVERSION = YES;
				GCC_WARN_ABOUT_RETURN_TYPE = YES_ERROR;
				GCC_WARN_UNDECLARED_SELECTOR = YES;
				GCC_WARN_UNINITIALIZED_AUTOS = YES_AGGRESSIVE;
				GCC_WARN_UNUSED_FUNCTION = YES;
				GCC_WARN_UNUSED_VARIABLE = YES;
				IPHONEOS_DEPLOYMENT_TARGET = 14.3;
				MTL_ENABLE_DEBUG_INFO = NO;
				MTL_FAST_MATH = YES;
				SDKROOT = iphoneos;
				SWIFT_COMPILATION_MODE = wholemodule;
				SWIFT_OPTIMIZATION_LEVEL = "-O";
				VALIDATE_PRODUCT = YES;
			};
			name = Release;
		};
		A6DFC97925BB3BC100EED584 /* Debug */ = {
			isa = XCBuildConfiguration;
			buildSettings = {
				ASSETCATALOG_COMPILER_APPICON_NAME = AppIcon;
				ASSETCATALOG_COMPILER_GLOBAL_ACCENT_COLOR_NAME = AccentColor;
				CODE_SIGN_STYLE = Automatic;
				DEVELOPMENT_ASSET_PATHS = "\"Landmarks/Preview Content\"";
				DEVELOPMENT_TEAM = 8B4FRDXW49;
				ENABLE_PREVIEWS = YES;
				INFOPLIST_FILE = Landmarks/Info.plist;
				IPHONEOS_DEPLOYMENT_TARGET = 14.0;
				LD_RUNPATH_SEARCH_PATHS = (
					"$(inherited)",
					"@executable_path/Frameworks",
				);
				PRODUCT_BUNDLE_IDENTIFIER = Martut.Landmarks;
				PRODUCT_NAME = "$(TARGET_NAME)";
				SWIFT_VERSION = 5.0;
				TARGETED_DEVICE_FAMILY = "1,2";
			};
			name = Debug;
		};
		A6DFC97A25BB3BC100EED584 /* Release */ = {
			isa = XCBuildConfiguration;
			buildSettings = {
				ASSETCATALOG_COMPILER_APPICON_NAME = AppIcon;
				ASSETCATALOG_COMPILER_GLOBAL_ACCENT_COLOR_NAME = AccentColor;
				CODE_SIGN_STYLE = Automatic;
				DEVELOPMENT_ASSET_PATHS = "\"Landmarks/Preview Content\"";
				DEVELOPMENT_TEAM = 8B4FRDXW49;
				ENABLE_PREVIEWS = YES;
				INFOPLIST_FILE = Landmarks/Info.plist;
				IPHONEOS_DEPLOYMENT_TARGET = 14.0;
				LD_RUNPATH_SEARCH_PATHS = (
					"$(inherited)",
					"@executable_path/Frameworks",
				);
				PRODUCT_BUNDLE_IDENTIFIER = Martut.Landmarks;
				PRODUCT_NAME = "$(TARGET_NAME)";
				SWIFT_VERSION = 5.0;
				TARGETED_DEVICE_FAMILY = "1,2";
			};
			name = Release;
		};
		A6DFC97C25BB3BC100EED584 /* Debug */ = {
			isa = XCBuildConfiguration;
			buildSettings = {
				ALWAYS_EMBED_SWIFT_STANDARD_LIBRARIES = YES;
				BUNDLE_LOADER = "$(TEST_HOST)";
				CODE_SIGN_STYLE = Automatic;
				DEVELOPMENT_TEAM = 8B4FRDXW49;
				INFOPLIST_FILE = LandmarksTests/Info.plist;
				IPHONEOS_DEPLOYMENT_TARGET = 14.0;
				LD_RUNPATH_SEARCH_PATHS = (
					"$(inherited)",
					"@executable_path/Frameworks",
					"@loader_path/Frameworks",
				);
				PRODUCT_BUNDLE_IDENTIFIER = Martut.LandmarksTests;
				PRODUCT_NAME = "$(TARGET_NAME)";
				SWIFT_VERSION = 5.0;
				TARGETED_DEVICE_FAMILY = "1,2";
				TEST_HOST = "$(BUILT_PRODUCTS_DIR)/Landmarks.app/Landmarks";
			};
			name = Debug;
		};
		A6DFC97D25BB3BC100EED584 /* Release */ = {
			isa = XCBuildConfiguration;
			buildSettings = {
				ALWAYS_EMBED_SWIFT_STANDARD_LIBRARIES = YES;
				BUNDLE_LOADER = "$(TEST_HOST)";
				CODE_SIGN_STYLE = Automatic;
				DEVELOPMENT_TEAM = 8B4FRDXW49;
				INFOPLIST_FILE = LandmarksTests/Info.plist;
				IPHONEOS_DEPLOYMENT_TARGET = 14.0;
				LD_RUNPATH_SEARCH_PATHS = (
					"$(inherited)",
					"@executable_path/Frameworks",
					"@loader_path/Frameworks",
				);
				PRODUCT_BUNDLE_IDENTIFIER = Martut.LandmarksTests;
				PRODUCT_NAME = "$(TARGET_NAME)";
				SWIFT_VERSION = 5.0;
				TARGETED_DEVICE_FAMILY = "1,2";
				TEST_HOST = "$(BUILT_PRODUCTS_DIR)/Landmarks.app/Landmarks";
			};
			name = Release;
		};
		A6DFC97F25BB3BC100EED584 /* Debug */ = {
			isa = XCBuildConfiguration;
			buildSettings = {
				ALWAYS_EMBED_SWIFT_STANDARD_LIBRARIES = YES;
				CODE_SIGN_STYLE = Automatic;
				DEVELOPMENT_TEAM = 8B4FRDXW49;
				INFOPLIST_FILE = LandmarksUITests/Info.plist;
				LD_RUNPATH_SEARCH_PATHS = (
					"$(inherited)",
					"@executable_path/Frameworks",
					"@loader_path/Frameworks",
				);
				PRODUCT_BUNDLE_IDENTIFIER = Martut.LandmarksUITests;
				PRODUCT_NAME = "$(TARGET_NAME)";
				SWIFT_VERSION = 5.0;
				TARGETED_DEVICE_FAMILY = "1,2";
				TEST_TARGET_NAME = Landmarks;
			};
			name = Debug;
		};
		A6DFC98025BB3BC100EED584 /* Release */ = {
			isa = XCBuildConfiguration;
			buildSettings = {
				ALWAYS_EMBED_SWIFT_STANDARD_LIBRARIES = YES;
				CODE_SIGN_STYLE = Automatic;
				DEVELOPMENT_TEAM = 8B4FRDXW49;
				INFOPLIST_FILE = LandmarksUITests/Info.plist;
				LD_RUNPATH_SEARCH_PATHS = (
					"$(inherited)",
					"@executable_path/Frameworks",
					"@loader_path/Frameworks",
				);
				PRODUCT_BUNDLE_IDENTIFIER = Martut.LandmarksUITests;
				PRODUCT_NAME = "$(TARGET_NAME)";
				SWIFT_VERSION = 5.0;
				TARGETED_DEVICE_FAMILY = "1,2";
				TEST_TARGET_NAME = Landmarks;
			};
			name = Release;
		};
/* End XCBuildConfiguration section */

/* Begin XCConfigurationList section */
		A6DFC94E25BB3BC000EED584 /* Build configuration list for PBXProject "Landmarks" */ = {
			isa = XCConfigurationList;
			buildConfigurations = (
				A6DFC97625BB3BC100EED584 /* Debug */,
				A6DFC97725BB3BC100EED584 /* Release */,
			);
			defaultConfigurationIsVisible = 0;
			defaultConfigurationName = Release;
		};
		A6DFC97825BB3BC100EED584 /* Build configuration list for PBXNativeTarget "Landmarks" */ = {
			isa = XCConfigurationList;
			buildConfigurations = (
				A6DFC97925BB3BC100EED584 /* Debug */,
				A6DFC97A25BB3BC100EED584 /* Release */,
			);
			defaultConfigurationIsVisible = 0;
			defaultConfigurationName = Release;
		};
		A6DFC97B25BB3BC100EED584 /* Build configuration list for PBXNativeTarget "LandmarksTests" */ = {
			isa = XCConfigurationList;
			buildConfigurations = (
				A6DFC97C25BB3BC100EED584 /* Debug */,
				A6DFC97D25BB3BC100EED584 /* Release */,
			);
			defaultConfigurationIsVisible = 0;
			defaultConfigurationName = Release;
		};
		A6DFC97E25BB3BC100EED584 /* Build configuration list for PBXNativeTarget "LandmarksUITests" */ = {
			isa = XCConfigurationList;
			buildConfigurations = (
				A6DFC97F25BB3BC100EED584 /* Debug */,
				A6DFC98025BB3BC100EED584 /* Release */,
			);
			defaultConfigurationIsVisible = 0;
			defaultConfigurationName = Release;
		};
/* End XCConfigurationList section */
	};
	rootObject = A6DFC94B25BB3BC000EED584 /* Project object */;
}
